
Microsoft Visual Studio Solution File, Format Version 12.00
# Visual Studio Version 16
VisualStudioVersion = 16.0.29709.97
MinimumVisualStudioVersion = 10.0.40219.1
Project("{9A19103F-16F7-4668-BE54-9A1E7A4F7556}") = "EdFi.Ods.Utilities.Migration", "EdFi.Ods.Utilities.Migration\EdFi.Ods.Utilities.Migration.csproj", "{49ABE665-EBA3-4C1B-8988-C0F0EA2B7951}"
EndProject
Project("{9A19103F-16F7-4668-BE54-9A1E7A4F7556}") = "EdFi.Ods.Utilities.Migration.Tests", "EdFi.Ods.Utilities.Migration.Tests\EdFi.Ods.Utilities.Migration.Tests.csproj", "{F5A46373-C26B-4EB2-8163-4C2D7DCBA457}"
EndProject
Project("{2150E333-8FDC-42A3-9474-1A3956D46DE8}") = "_Project Information", "_Project Information", "{7ABB90F4-354C-4B94-86BC-88B96345C98A}"
	ProjectSection(SolutionItems) = preProject
		CONTRIBUTORS.md = CONTRIBUTORS.md
		NOTICES.md = NOTICES.md
		README.md = README.md
	EndProjectSection
EndProject
Global
	GlobalSection(SolutionConfigurationPlatforms) = preSolution
		Debug|Any CPU = Debug|Any CPU
		Release|Any CPU = Release|Any CPU
	EndGlobalSection
	GlobalSection(ProjectConfigurationPlatforms) = postSolution
		{49ABE665-EBA3-4C1B-8988-C0F0EA2B7951}.Debug|Any CPU.ActiveCfg = Debug|Any CPU
		{49ABE665-EBA3-4C1B-8988-C0F0EA2B7951}.Debug|Any CPU.Build.0 = Debug|Any CPU
		{49ABE665-EBA3-4C1B-8988-C0F0EA2B7951}.Release|Any CPU.ActiveCfg = Release|Any CPU
		{49ABE665-EBA3-4C1B-8988-C0F0EA2B7951}.Release|Any CPU.Build.0 = Release|Any CPU
		{F5A46373-C26B-4EB2-8163-4C2D7DCBA457}.Debug|Any CPU.ActiveCfg = Debug|Any CPU
		{F5A46373-C26B-4EB2-8163-4C2D7DCBA457}.Debug|Any CPU.Build.0 = Debug|Any CPU
		{F5A46373-C26B-4EB2-8163-4C2D7DCBA457}.Release|Any CPU.ActiveCfg = Release|Any CPU
		{F5A46373-C26B-4EB2-8163-4C2D7DCBA457}.Release|Any CPU.Build.0 = Release|Any CPU
	EndGlobalSection
	GlobalSection(SolutionProperties) = preSolution
		HideSolutionNode = FALSE
	EndGlobalSection
	GlobalSection(ExtensibilityGlobals) = postSolution
		SolutionGuid = {6EED936A-D96F-42A4-BE56-291F5BF95CEF}
	EndGlobalSection
EndGlobal
